{
  "name": "guardatokeplr",
  "version": "1.0.0",
  "lockfileVersion": 1,
  "requires": true,
  "dependencies": {
    "base58-js": {
      "version": "1.0.4",
      "resolved": "https://registry.npmjs.org/base58-js/-/base58-js-1.0.4.tgz",
      "integrity": "sha512-DQtWOeY+JwAUyFaL1KBqL0L81LWUj5S92N39LCiQwBouHz1GNZBqyhJz9ZtIDEtwaBYyoF63x27oqFL0Lu7DUg=="
    }
  }
}
